
Microsoft Visual Studio Solution File, Format Version 12.00
# Visual Studio 15
VisualStudioVersion = 15.0.26403.0
MinimumVisualStudioVersion = 10.0.40219.1
Project("{2150E333-8FDC-42A3-9474-1A3956D46DE8}") = "1 View", "1 View", "{F9E1FA27-CDA3-462A-AB66-D5E0A98A2EB2}"
EndProject
Project("{2150E333-8FDC-42A3-9474-1A3956D46DE8}") = "2 Business", "2 Business", "{6F31502D-7A6B-4A4F-BF83-6DF45BCC1BCD}"
EndProject
Project("{2150E333-8FDC-42A3-9474-1A3956D46DE8}") = "3 Data", "3 Data", "{93A48C7E-016B-4B82-9A87-99CC20FF3410}"
EndProject
Project("{2150E333-8FDC-42A3-9474-1A3956D46DE8}") = "4 CrossCutting", "4 CrossCutting", "{D134E371-9B24-4D7F-B1D0-E3107E290260}"
EndProject
Project("{FAE04EC0-301F-11D3-BF4B-00C04F79EFBC}") = "OpenHAB.NetRestApi", "..\..\OpenHab.NetRestApi\OpenHAB.NetRestApi\OpenHAB.NetRestApi.csproj", "{807FEF64-BBC1-40BE-84AA-6138D7B4FC04}"
EndProject
Project("{FAE04EC0-301F-11D3-BF4B-00C04F79EFBC}") = "OpenHab.Wpf.View", "OpenHab.Wpf.View\OpenHab.Wpf.View.csproj", "{1BF2DC39-F236-4055-8B9D-597432494338}"
EndProject
Project("{FAE04EC0-301F-11D3-BF4B-00C04F79EFBC}") = "OpenHab.Wpf.ViewModel", "OpenHab.Wpf.ViewModel\OpenHab.Wpf.ViewModel.csproj", "{240962E2-95F9-4A98-91E1-DC493F4127C5}"
EndProject
Project("{FAE04EC0-301F-11D3-BF4B-00C04F79EFBC}") = "OpenHab.Wpf.Business", "OpenHab.Wpf.Business\OpenHab.Wpf.Business.csproj", "{FF76D60C-A837-4772-9E29-019AE40CA839}"
EndProject
Project("{FAE04EC0-301F-11D3-BF4B-00C04F79EFBC}") = "OpenHab.Wpf.CrossCutting", "OpenHab.Wpf.CrossCutting\OpenHab.Wpf.CrossCutting.csproj", "{A6F273B2-B74A-4636-A32C-6E77B9E440AF}"
EndProject
Global
	GlobalSection(SolutionConfigurationPlatforms) = preSolution
		Debug|Any CPU = Debug|Any CPU
		Release|Any CPU = Release|Any CPU
	EndGlobalSection
	GlobalSection(ProjectConfigurationPlatforms) = postSolution
		{807FEF64-BBC1-40BE-84AA-6138D7B4FC04}.Debug|Any CPU.ActiveCfg = Debug|Any CPU
		{807FEF64-BBC1-40BE-84AA-6138D7B4FC04}.Debug|Any CPU.Build.0 = Debug|Any CPU
		{807FEF64-BBC1-40BE-84AA-6138D7B4FC04}.Release|Any CPU.ActiveCfg = Release|Any CPU
		{807FEF64-BBC1-40BE-84AA-6138D7B4FC04}.Release|Any CPU.Build.0 = Release|Any CPU
		{1BF2DC39-F236-4055-8B9D-597432494338}.Debug|Any CPU.ActiveCfg = Debug|Any CPU
		{1BF2DC39-F236-4055-8B9D-597432494338}.Debug|Any CPU.Build.0 = Debug|Any CPU
		{1BF2DC39-F236-4055-8B9D-597432494338}.Release|Any CPU.ActiveCfg = Release|Any CPU
		{1BF2DC39-F236-4055-8B9D-597432494338}.Release|Any CPU.Build.0 = Release|Any CPU
		{240962E2-95F9-4A98-91E1-DC493F4127C5}.Debug|Any CPU.ActiveCfg = Debug|Any CPU
		{240962E2-95F9-4A98-91E1-DC493F4127C5}.Debug|Any CPU.Build.0 = Debug|Any CPU
		{240962E2-95F9-4A98-91E1-DC493F4127C5}.Release|Any CPU.ActiveCfg = Release|Any CPU
		{240962E2-95F9-4A98-91E1-DC493F4127C5}.Release|Any CPU.Build.0 = Release|Any CPU
		{FF76D60C-A837-4772-9E29-019AE40CA839}.Debug|Any CPU.ActiveCfg = Debug|Any CPU
		{FF76D60C-A837-4772-9E29-019AE40CA839}.Debug|Any CPU.Build.0 = Debug|Any CPU
		{FF76D60C-A837-4772-9E29-019AE40CA839}.Release|Any CPU.ActiveCfg = Release|Any CPU
		{FF76D60C-A837-4772-9E29-019AE40CA839}.Release|Any CPU.Build.0 = Release|Any CPU
		{A6F273B2-B74A-4636-A32C-6E77B9E440AF}.Debug|Any CPU.ActiveCfg = Debug|Any CPU
		{A6F273B2-B74A-4636-A32C-6E77B9E440AF}.Debug|Any CPU.Build.0 = Debug|Any CPU
		{A6F273B2-B74A-4636-A32C-6E77B9E440AF}.Release|Any CPU.ActiveCfg = Release|Any CPU
		{A6F273B2-B74A-4636-A32C-6E77B9E440AF}.Release|Any CPU.Build.0 = Release|Any CPU
	EndGlobalSection
	GlobalSection(SolutionProperties) = preSolution
		HideSolutionNode = FALSE
	EndGlobalSection
	GlobalSection(NestedProjects) = preSolution
		{807FEF64-BBC1-40BE-84AA-6138D7B4FC04} = {93A48C7E-016B-4B82-9A87-99CC20FF3410}
		{1BF2DC39-F236-4055-8B9D-597432494338} = {F9E1FA27-CDA3-462A-AB66-D5E0A98A2EB2}
		{240962E2-95F9-4A98-91E1-DC493F4127C5} = {F9E1FA27-CDA3-462A-AB66-D5E0A98A2EB2}
		{FF76D60C-A837-4772-9E29-019AE40CA839} = {6F31502D-7A6B-4A4F-BF83-6DF45BCC1BCD}
		{A6F273B2-B74A-4636-A32C-6E77B9E440AF} = {D134E371-9B24-4D7F-B1D0-E3107E290260}
	EndGlobalSection
EndGlobal
